
Microsoft Visual Studio Solution File, Format Version 12.00
# Visual Studio Version 17
VisualStudioVersion = 17.8.34322.80
MinimumVisualStudioVersion = 10.0.40219.1
Project("{FAE04EC0-301F-11D3-BF4B-00C04F79EFBC}") = "Calculadora_Integracion", "Calculadora_Integracion.csproj", "{EAAB265E-E336-4FDD-AD10-67EF17E0EB39}"
EndProject
Global
	GlobalSection(SolutionConfigurationPlatforms) = preSolution
		Debug|Any CPU = Debug|Any CPU
		Release|Any CPU = Release|Any CPU
	EndGlobalSection
	GlobalSection(ProjectConfigurationPlatforms) = postSolution
		{EAAB265E-E336-4FDD-AD10-67EF17E0EB39}.Debug|Any CPU.ActiveCfg = Debug|Any CPU
		{EAAB265E-E336-4FDD-AD10-67EF17E0EB39}.Debug|Any CPU.Build.0 = Debug|Any CPU
		{EAAB265E-E336-4FDD-AD10-67EF17E0EB39}.Release|Any CPU.ActiveCfg = Release|Any CPU
		{EAAB265E-E336-4FDD-AD10-67EF17E0EB39}.Release|Any CPU.Build.0 = Release|Any CPU
	EndGlobalSection
	GlobalSection(SolutionProperties) = preSolution
		HideSolutionNode = FALSE
	EndGlobalSection
	GlobalSection(ExtensibilityGlobals) = postSolution
		SolutionGuid = {5611252C-0141-468B-A598-70BE232176AA}
	EndGlobalSection
EndGlobal
